// !$*UTF8*$!
{
	archiveVersion = 1;
	classes = {
	};
	objectVersion = 46;
	objects = {

/* Begin PBXBuildFile section */
		6A0CC61F1C29FEA8002A99C2 /* AppDelegate.swift in Sources */ = {isa = PBXBuildFile; fileRef = 6A0CC61E1C29FEA8002A99C2 /* AppDelegate.swift */; };
		6A0CC6211C29FEA8002A99C2 /* ViewController.swift in Sources */ = {isa = PBXBuildFile; fileRef = 6A0CC6201C29FEA8002A99C2 /* ViewController.swift */; };
		6A0CC6241C29FEA8002A99C2 /* Main.storyboard in Resources */ = {isa = PBXBuildFile; fileRef = 6A0CC6221C29FEA8002A99C2 /* Main.storyboard */; };
		6A0CC6261C29FEA8002A99C2 /* Assets.xcassets in Resources */ = {isa = PBXBuildFile; fileRef = 6A0CC6251C29FEA8002A99C2 /* Assets.xcassets */; };
		6A0CC6291C29FEA8002A99C2 /* LaunchScreen.storyboard in Resources */ = {isa = PBXBuildFile; fileRef = 6A0CC6271C29FEA8002A99C2 /* LaunchScreen.storyboard */; };
		6A9FA1F21C2A00B800B55ED6 /* ValhallaAPIManager.swift in Sources */ = {isa = PBXBuildFile; fileRef = 6A9FA1F11C2A00B800B55ED6 /* ValhallaAPIManager.swift */; };
		EB46E264CC71AD7123A7C51D /* Pods_Frigg.framework in Frameworks */ = {isa = PBXBuildFile; fileRef = 75C89B8B649A909E3851EF83 /* Pods_Frigg.framework */; };
/* End PBXBuildFile section */

/* Begin PBXFileReference section */
		1941A77E6FE9933B4D9B7FE9 /* Pods-Frigg.release.xcconfig */ = {isa = PBXFileReference; includeInIndex = 1; lastKnownFileType = text.xcconfig; name = "Pods-Frigg.release.xcconfig"; path = "Pods/Target Support Files/Pods-Frigg/Pods-Frigg.release.xcconfig"; sourceTree = "<group>"; };
		6A0CC61B1C29FEA8002A99C2 /* Frigg.app */ = {isa = PBXFileReference; explicitFileType = wrapper.application; includeInIndex = 0; path = Frigg.app; sourceTree = BUILT_PRODUCTS_DIR; };
		6A0CC61E1C29FEA8002A99C2 /* AppDelegate.swift */ = {isa = PBXFileReference; lastKnownFileType = sourcecode.swift; path = AppDelegate.swift; sourceTree = "<group>"; };
		6A0CC6201C29FEA8002A99C2 /* ViewController.swift */ = {isa = PBXFileReference; lastKnownFileType = sourcecode.swift; path = ViewController.swift; sourceTree = "<group>"; };
		6A0CC6231C29FEA8002A99C2 /* Base */ = {isa = PBXFileReference; lastKnownFileType = file.storyboard; name = Base; path = Base.lproj/Main.storyboard; sourceTree = "<group>"; };
		6A0CC6251C29FEA8002A99C2 /* Assets.xcassets */ = {isa = PBXFileReference; lastKnownFileType = folder.assetcatalog; path = Assets.xcassets; sourceTree = "<group>"; };
		6A0CC6281C29FEA8002A99C2 /* Base */ = {isa = PBXFileReference; lastKnownFileType = file.storyboard; name = Base; path = Base.lproj/LaunchScreen.storyboard; sourceTree = "<group>"; };
		6A0CC62A1C29FEA8002A99C2 /* Info.plist */ = {isa = PBXFileReference; lastKnownFileType = text.plist.xml; path = Info.plist; sourceTree = "<group>"; };
		6A9FA1F11C2A00B800B55ED6 /* ValhallaAPIManager.swift */ = {isa = PBXFileReference; fileEncoding = 4; lastKnownFileType = sourcecode.swift; path = ValhallaAPIManager.swift; sourceTree = "<group>"; };
		75C89B8B649A909E3851EF83 /* Pods_Frigg.framework */ = {isa = PBXFileReference; explicitFileType = wrapper.framework; includeInIndex = 0; path = Pods_Frigg.framework; sourceTree = BUILT_PRODUCTS_DIR; };
		D4484308043190C6AB32C0B9 /* Pods-Frigg.debug.xcconfig */ = {isa = PBXFileReference; includeInIndex = 1; lastKnownFileType = text.xcconfig; name = "Pods-Frigg.debug.xcconfig"; path = "Pods/Target Support Files/Pods-Frigg/Pods-Frigg.debug.xcconfig"; sourceTree = "<group>"; };
/* End PBXFileReference section */

/* Begin PBXFrameworksBuildPhase section */
		6A0CC6181C29FEA8002A99C2 /* Frameworks */ = {
			isa = PBXFrameworksBuildPhase;
			buildActionMask = 2147483647;
			files = (
				EB46E264CC71AD7123A7C51D /* Pods_Frigg.framework in Frameworks */,
			);
			runOnlyForDeploymentPostprocessing = 0;
		};
/* End PBXFrameworksBuildPhase section */

/* Begin PBXGroup section */
		160D88AB99C39702B37AAD4A /* Pods */ = {
			isa = PBXGroup;
			children = (
				D4484308043190C6AB32C0B9 /* Pods-Frigg.debug.xcconfig */,
				1941A77E6FE9933B4D9B7FE9 /* Pods-Frigg.release.xcconfig */,
			);
			name = Pods;
			sourceTree = "<group>";
		};
		6A0CC6121C29FEA8002A99C2 = {
			isa = PBXGroup;
			children = (
				6A0CC61D1C29FEA8002A99C2 /* Frigg */,
				6A0CC61C1C29FEA8002A99C2 /* Products */,
				160D88AB99C39702B37AAD4A /* Pods */,
				9408D11573090E94D588CDAA /* Frameworks */,
			);
			sourceTree = "<group>";
		};
		6A0CC61C1C29FEA8002A99C2 /* Products */ = {
			isa = PBXGroup;
			children = (
				6A0CC61B1C29FEA8002A99C2 /* Frigg.app */,
			);
			name = Products;
			sourceTree = "<group>";
		};
		6A0CC61D1C29FEA8002A99C2 /* Frigg */ = {
			isa = PBXGroup;
			children = (
				6A0CC61E1C29FEA8002A99C2 /* AppDelegate.swift */,
				6A0CC6201C29FEA8002A99C2 /* ViewController.swift */,
				6A9FA1F11C2A00B800B55ED6 /* ValhallaAPIManager.swift */,
				6A0CC6221C29FEA8002A99C2 /* Main.storyboard */,
				6A0CC6251C29FEA8002A99C2 /* Assets.xcassets */,
				6A0CC6271C29FEA8002A99C2 /* LaunchScreen.storyboard */,
				6A0CC62A1C29FEA8002A99C2 /* Info.plist */,
			);
			path = Frigg;
			sourceTree = "<group>";
		};
		9408D11573090E94D588CDAA /* Frameworks */ = {
			isa = PBXGroup;
			children = (
				75C89B8B649A909E3851EF83 /* Pods_Frigg.framework */,
			);
			name = Frameworks;
			sourceTree = "<group>";
		};
/* End PBXGroup section */

/* Begin PBXNativeTarget section */
		6A0CC61A1C29FEA8002A99C2 /* Frigg */ = {
			isa = PBXNativeTarget;
			buildConfigurationList = 6A0CC62D1C29FEA8002A99C2 /* Build configuration list for PBXNativeTarget "Frigg" */;
			buildPhases = (
				9B8CF3F615F0B3E009CC9F19 /* Check Pods Manifest.lock */,
				6A0CC6171C29FEA8002A99C2 /* Sources */,
				6A0CC6181C29FEA8002A99C2 /* Frameworks */,
				6A0CC6191C29FEA8002A99C2 /* Resources */,
				7D71FDFF06CB3CF410DEC4C8 /* Embed Pods Frameworks */,
				F3E00188C163B5F6B233279D /* Copy Pods Resources */,
			);
			buildRules = (
			);
			dependencies = (
			);
			name = Frigg;
			productName = Frigg;
			productReference = 6A0CC61B1C29FEA8002A99C2 /* Frigg.app */;
			productType = "com.apple.product-type.application";
		};
/* End PBXNativeTarget section */

/* Begin PBXProject section */
		6A0CC6131C29FEA8002A99C2 /* Project object */ = {
			isa = PBXProject;
			attributes = {
				LastSwiftUpdateCheck = 0710;
				LastUpgradeCheck = 0710;
				ORGANIZATIONNAME = "Nicolas Manoogian";
				TargetAttributes = {
					6A0CC61A1C29FEA8002A99C2 = {
						CreatedOnToolsVersion = 7.1;
						DevelopmentTeam = N5X9HYJY6R;
					};
				};
			};
			buildConfigurationList = 6A0CC6161C29FEA8002A99C2 /* Build configuration list for PBXProject "Frigg" */;
			compatibilityVersion = "Xcode 3.2";
			developmentRegion = English;
			hasScannedForEncodings = 0;
			knownRegions = (
				en,
				Base,
			);
			mainGroup = 6A0CC6121C29FEA8002A99C2;
			productRefGroup = 6A0CC61C1C29FEA8002A99C2 /* Products */;
			projectDirPath = "";
			projectRoot = "";
			targets = (
				6A0CC61A1C29FEA8002A99C2 /* Frigg */,
			);
		};
/* End PBXProject section */

/* Begin PBXResourcesBuildPhase section */
		6A0CC6191C29FEA8002A99C2 /* Resources */ = {
			isa = PBXResourcesBuildPhase;
			buildActionMask = 2147483647;
			files = (
				6A0CC6291C29FEA8002A99C2 /* LaunchScreen.storyboard in Resources */,
				6A0CC6261C29FEA8002A99C2 /* Assets.xcassets in Resources */,
				6A0CC6241C29FEA8002A99C2 /* Main.storyboard in Resources */,
			);
			runOnlyForDeploymentPostprocessing = 0;
		};
/* End PBXResourcesBuildPhase section */

/* Begin PBXShellScriptBuildPhase section */
		7D71FDFF06CB3CF410DEC4C8 /* Embed Pods Frameworks */ = {
			isa = PBXShellScriptBuildPhase;
			buildActionMask = 2147483647;
			files = (
			);
			inputPaths = (
			);
			name = "Embed Pods Frameworks";
			outputPaths = (
			);
			runOnlyForDeploymentPostprocessing = 0;
			shellPath = /bin/sh;
			shellScript = "\"${SRCROOT}/Pods/Target Support Files/Pods-Frigg/Pods-Frigg-frameworks.sh\"\n";
			showEnvVarsInLog = 0;
		};
		9B8CF3F615F0B3E009CC9F19 /* Check Pods Manifest.lock */ = {
			isa = PBXShellScriptBuildPhase;
			buildActionMask = 2147483647;
			files = (
			);
			inputPaths = (
			);
			name = "Check Pods Manifest.lock";
			outputPaths = (
			);
			runOnlyForDeploymentPostprocessing = 0;
			shellPath = /bin/sh;
			shellScript = "diff \"${PODS_ROOT}/../Podfile.lock\" \"${PODS_ROOT}/Manifest.lock\" > /dev/null\nif [[ $? != 0 ]] ; then\n    cat << EOM\nerror: The sandbox is not in sync with the Podfile.lock. Run 'pod install' or update your CocoaPods installation.\nEOM\n    exit 1\nfi\n";
			showEnvVarsInLog = 0;
		};
		F3E00188C163B5F6B233279D /* Copy Pods Resources */ = {
			isa = PBXShellScriptBuildPhase;
			buildActionMask = 2147483647;
			files = (
			);
			inputPaths = (
			);
			name = "Copy Pods Resources";
			outputPaths = (
			);
			runOnlyForDeploymentPostprocessing = 0;
			shellPath = /bin/sh;
			shellScript = "\"${SRCROOT}/Pods/Target Support Files/Pods-Frigg/Pods-Frigg-resources.sh\"\n";
			showEnvVarsInLog = 0;
		};
/* End PBXShellScriptBuildPhase section */

/* Begin PBXSourcesBuildPhase section */
		6A0CC6171C29FEA8002A99C2 /* Sources */ = {
			isa = PBXSourcesBuildPhase;
			buildActionMask = 2147483647;
			files = (
				6A0CC6211C29FEA8002A99C2 /* ViewController.swift in Sources */,
				6A9FA1F21C2A00B800B55ED6 /* ValhallaAPIManager.swift in Sources */,
				6A0CC61F1C29FEA8002A99C2 /* AppDelegate.swift in Sources */,
			);
			runOnlyForDeploymentPostprocessing = 0;
		};
/* End PBXSourcesBuildPhase section */

/* Begin PBXVariantGroup section */
		6A0CC6221C29FEA8002A99C2 /* Main.storyboard */ = {
			isa = PBXVariantGroup;
			children = (
				6A0CC6231C29FEA8002A99C2 /* Base */,
			);
			name = Main.storyboard;
			sourceTree = "<group>";
		};
		6A0CC6271C29FEA8002A99C2 /* LaunchScreen.storyboard */ = {
			isa = PBXVariantGroup;
			children = (
				6A0CC6281C29FEA8002A99C2 /* Base */,
			);
			name = LaunchScreen.storyboard;
			sourceTree = "<group>";
		};
/* End PBXVariantGroup section */

/* Begin XCBuildConfiguration section */
		6A0CC62B1C29FEA8002A99C2 /* Debug */ = {
			isa = XCBuildConfiguration;
			buildSettings = {
				ALWAYS_SEARCH_USER_PATHS = NO;
				CLANG_CXX_LANGUAGE_STANDARD = "gnu++0x";
				CLANG_CXX_LIBRARY = "libc++";
				CLANG_ENABLE_MODULES = YES;
				CLANG_ENABLE_OBJC_ARC = YES;
				CLANG_WARN_BOOL_CONVERSION = YES;
				CLANG_WARN_CONSTANT_CONVERSION = YES;
				CLANG_WARN_DIRECT_OBJC_ISA_USAGE = YES_ERROR;
				CLANG_WARN_EMPTY_BODY = YES;
				CLANG_WARN_ENUM_CONVERSION = YES;
				CLANG_WARN_INT_CONVERSION = YES;
				CLANG_WARN_OBJC_ROOT_CLASS = YES_ERROR;
				CLANG_WARN_UNREACHABLE_CODE = YES;
				CLANG_WARN__DUPLICATE_METHOD_MATCH = YES;
				"CODE_SIGN_IDENTITY[sdk=iphoneos*]" = "iPhone Developer";
				COPY_PHASE_STRIP = NO;
				DEBUG_INFORMATION_FORMAT = dwarf;
				ENABLE_STRICT_OBJC_MSGSEND = YES;
				ENABLE_TESTABILITY = YES;
				GCC_C_LANGUAGE_STANDARD = gnu99;
				GCC_DYNAMIC_NO_PIC = NO;
				GCC_NO_COMMON_BLOCKS = YES;
				GCC_OPTIMIZATION_LEVEL = 0;
				GCC_PREPROCESSOR_DEFINITIONS = (
					"DEBUG=1",
					"$(inherited)",
				);
				GCC_WARN_64_TO_32_BIT_CONVERSION = YES;
				GCC_WARN_ABOUT_RETURN_TYPE = YES_ERROR;
				GCC_WARN_UNDECLARED_SELECTOR = YES;
				GCC_WARN_UNINITIALIZED_AUTOS = YES_AGGRESSIVE;
				GCC_WARN_UNUSED_FUNCTION = YES;
				GCC_WARN_UNUSED_VARIABLE = YES;
				IPHONEOS_DEPLOYMENT_TARGET = 9.1;
				MTL_ENABLE_DEBUG_INFO = YES;
				ONLY_ACTIVE_ARCH = YES;
				SDKROOT = iphoneos;
				SWIFT_OPTIMIZATION_LEVEL = "-Onone";
				TARGETED_DEVICE_FAMILY = "1,2";
			};
			name = Debug;
		};
		6A0CC62C1C29FEA8002A99C2 /* Release */ = {
			isa = XCBuildConfiguration;
			buildSettings = {
				ALWAYS_SEARCH_USER_PATHS = NO;
				CLANG_CXX_LANGUAGE_STANDARD = "gnu++0x";
				CLANG_CXX_LIBRARY = "libc++";
				CLANG_ENABLE_MODULES = YES;
				CLANG_ENABLE_OBJC_ARC = YES;
				CLANG_WARN_BOOL_CONVERSION = YES;
				CLANG_WARN_CONSTANT_CONVERSION = YES;
				CLANG_WARN_DIRECT_OBJC_ISA_USAGE = YES_ERROR;
				CLANG_WARN_EMPTY_BODY = YES;
				CLANG_WARN_ENUM_CONVERSION = YES;
				CLANG_WARN_INT_CONVERSION = YES;
				CLANG_WARN_OBJC_ROOT_CLASS = YES_ERROR;
				CLANG_WARN_UNREACHABLE_CODE = YES;
				CLANG_WARN__DUPLICATE_METHOD_MATCH = YES;
				"CODE_SIGN_IDENTITY[sdk=iphoneos*]" = "iPhone Developer";
				COPY_PHASE_STRIP = NO;
				DEBUG_INFORMATION_FORMAT = "dwarf-with-dsym";
				ENABLE_NS_ASSERTIONS = NO;
				ENABLE_STRICT_OBJC_MSGSEND = YES;
				GCC_C_LANGUAGE_STANDARD = gnu99;
				GCC_NO_COMMON_BLOCKS = YES;
				GCC_WARN_64_TO_32_BIT_CONVERSION = YES;
				GCC_WARN_ABOUT_RETURN_TYPE = YES_ERROR;
				GCC_WARN_UNDECLARED_SELECTOR = YES;
				GCC_WARN_UNINITIALIZED_AUTOS = YES_AGGRESSIVE;
				GCC_WARN_UNUSED_FUNCTION = YES;
				GCC_WARN_UNUSED_VARIABLE = YES;
				IPHONEOS_DEPLOYMENT_TARGET = 9.1;
				MTL_ENABLE_DEBUG_INFO = NO;
				SDKROOT = iphoneos;
				TARGETED_DEVICE_FAMILY = "1,2";
				VALIDATE_PRODUCT = YES;
			};
			name = Release;
		};
		6A0CC62E1C29FEA8002A99C2 /* Debug */ = {
			isa = XCBuildConfiguration;
			baseConfigurationReference = D4484308043190C6AB32C0B9 /* Pods-Frigg.debug.xcconfig */;
			buildSettings = {
				ASSETCATALOG_COMPILER_APPICON_NAME = AppIcon;
				CODE_SIGN_IDENTITY = "iPhone Developer";
				"CODE_SIGN_IDENTITY[sdk=iphoneos*]" = "iPhone Developer";
				INFOPLIST_FILE = Frigg/Info.plist;
				LD_RUNPATH_SEARCH_PATHS = "$(inherited) @executable_path/Frameworks";
				PRODUCT_BUNDLE_IDENTIFIER = com.nmanoogian.Frigg;
				PRODUCT_NAME = "$(TARGET_NAME)";
				PROVISIONING_PROFILE = "";
			};
			name = Debug;
		};
		6A0CC62F1C29FEA8002A99C2 /* Release */ = {
			isa = XCBuildConfiguration;
			baseConfigurationReference = 1941A77E6FE9933B4D9B7FE9 /* Pods-Frigg.release.xcconfig */;
			buildSettings = {
				ASSETCATALOG_COMPILER_APPICON_NAME = AppIcon;
				CODE_SIGN_IDENTITY = "iPhone Developer";
				"CODE_SIGN_IDENTITY[sdk=iphoneos*]" = "iPhone Developer";
				INFOPLIST_FILE = Frigg/Info.plist;
				LD_RUNPATH_SEARCH_PATHS = "$(inherited) @executable_path/Frameworks";
				PRODUCT_BUNDLE_IDENTIFIER = com.nmanoogian.Frigg;
				PRODUCT_NAME = "$(TARGET_NAME)";
				PROVISIONING_PROFILE = "";
			};
			name = Release;
		};
/* End XCBuildConfiguration section */

/* Begin XCConfigurationList section */
		6A0CC6161C29FEA8002A99C2 /* Build configuration list for PBXProject "Frigg" */ = {
			isa = XCConfigurationList;
			buildConfigurations = (
				6A0CC62B1C29FEA8002A99C2 /* Debug */,
				6A0CC62C1C29FEA8002A99C2 /* Release */,
			);
			defaultConfigurationIsVisible = 0;
			defaultConfigurationName = Release;
		};
		6A0CC62D1C29FEA8002A99C2 /* Build configuration list for PBXNativeTarget "Frigg" */ = {
			isa = XCConfigurationList;
			buildConfigurations = (
				6A0CC62E1C29FEA8002A99C2 /* Debug */,
				6A0CC62F1C29FEA8002A99C2 /* Release */,
			);
			defaultConfigurationIsVisible = 0;
			defaultConfigurationName = Release;
		};
/* End XCConfigurationList section */
	};
	rootObject = 6A0CC6131C29FEA8002A99C2 /* Project object */;
}
